PODS:
  - PerformanceTracker (0.0.10)

DEPENDENCIES:
  - PerformanceTracker (= 0.0.10)

SPEC REPOS:
  "git@source.golabs.io:mobile/ios-ca-podspecs.git":
    - PerformanceTracker

SPEC CHECKSUMS:
  PerformanceTracker: 6dd2dee0bd3746da0c2a2a196266660db120a124

PODFILE CHECKSUM: a8bfe47893490e77d4453e68dbc4577ff29bae39

COCOAPODS: 1.12.1
